
Microsoft Visual Studio Solution File, Format Version 12.00
# Visual Studio Version 17
VisualStudioVersion = 17.13.35828.75 d17.13
MinimumVisualStudioVersion = 10.0.40219.1
Project("{FAE04EC0-301F-11D3-BF4B-00C04F79EFBC}") = "Console Game Engine", "Console Game Engine\Console Game Engine.csproj", "{8A539B52-BD68-4DE8-A1C5-D66B9E1CB4AF}"
EndProject
Global
	GlobalSection(SolutionConfigurationPlatforms) = preSolution
		Debug|Any CPU = Debug|Any CPU
		Release|Any CPU = Release|Any CPU
	EndGlobalSection
	GlobalSection(ProjectConfigurationPlatforms) = postSolution
		{8A539B52-BD68-4DE8-A1C5-D66B9E1CB4AF}.Debug|Any CPU.ActiveCfg = Debug|Any CPU
		{8A539B52-BD68-4DE8-A1C5-D66B9E1CB4AF}.Debug|Any CPU.Build.0 = Debug|Any CPU
		{8A539B52-BD68-4DE8-A1C5-D66B9E1CB4AF}.Release|Any CPU.ActiveCfg = Release|Any CPU
		{8A539B52-BD68-4DE8-A1C5-D66B9E1CB4AF}.Release|Any CPU.Build.0 = Release|Any CPU
	EndGlobalSection
	GlobalSection(SolutionProperties) = preSolution
		HideSolutionNode = FALSE
	EndGlobalSection
	GlobalSection(ExtensibilityGlobals) = postSolution
		SolutionGuid = {889C4E55-B095-4BB7-A3D1-6A637BB4423B}
	EndGlobalSection
EndGlobal
